
Microsoft Visual Studio Solution File, Format Version 12.00
# Visual Studio 15
VisualStudioVersion = 15.0.27130.2027
MinimumVisualStudioVersion = 10.0.40219.1
Project("{FAE04EC0-301F-11D3-BF4B-00C04F79EFBC}") = "Akka.ScatterGather.CmdLine", "Akka.ScatterGather.CmdLine\Akka.ScatterGather.CmdLine.csproj", "{B63C1872-1AAC-4689-AA66-ABF171DF9DDD}"
EndProject
Global
	GlobalSection(SolutionConfigurationPlatforms) = preSolution
		Debug|Any CPU = Debug|Any CPU
		Release|Any CPU = Release|Any CPU
	EndGlobalSection
	GlobalSection(ProjectConfigurationPlatforms) = postSolution
		{B63C1872-1AAC-4689-AA66-ABF171DF9DDD}.Debug|Any CPU.ActiveCfg = Debug|Any CPU
		{B63C1872-1AAC-4689-AA66-ABF171DF9DDD}.Debug|Any CPU.Build.0 = Debug|Any CPU
		{B63C1872-1AAC-4689-AA66-ABF171DF9DDD}.Release|Any CPU.ActiveCfg = Release|Any CPU
		{B63C1872-1AAC-4689-AA66-ABF171DF9DDD}.Release|Any CPU.Build.0 = Release|Any CPU
	EndGlobalSection
	GlobalSection(SolutionProperties) = preSolution
		HideSolutionNode = FALSE
	EndGlobalSection
	GlobalSection(ExtensibilityGlobals) = postSolution
		SolutionGuid = {B58E0664-D5C7-4ABE-A6B0-ABAA28F9658D}
	EndGlobalSection
EndGlobal
